{
  "lockfileVersion": 1,
  "workspaces": {
    "": {
      "name": "pulse-3",
      "dependencies": {
        "esrap": "^2.1.2",
        "oxc-parser": "^0.96.0",
        "oxc-transform": "^0.96.0",
      },
      "devDependencies": {
        "@biomejs/biome": "2.3.3",
        "@types/bun": "latest",
      },
      "peerDependencies": {
        "typescript": "^5",
      },
    },
  },
  "packages": {
    "@biomejs/biome": ["@biomejs/biome@2.3.3", "", { "optionalDependencies": { "@biomejs/cli-darwin-arm64": "2.3.3", "@biomejs/cli-darwin-x64": "2.3.3", "@biomejs/cli-linux-arm64": "2.3.3", "@biomejs/cli-linux-arm64-musl": "2.3.3", "@biomejs/cli-linux-x64": "2.3.3", "@biomejs/cli-linux-x64-musl": "2.3.3", "@biomejs/cli-win32-arm64": "2.3.3", "@biomejs/cli-win32-x64": "2.3.3" }, "bin": { "biome": "bin/biome" } }, "sha512-zn/P1pRBCpDdhi+VNSMnpczOz9DnqzOA2c48K8xgxjDODvi5O8gs3a2H233rck/5HXpkFj6TmyoqVvxirZUnvg=="],

    "@biomejs/cli-darwin-arm64": ["@biomejs/cli-darwin-arm64@2.3.3", "", { "os": "darwin", "cpu": "arm64" }, "sha512-5+JtW6RKmjqL9un0UtHV0ezOslAyYBzyl5ZhYiu7GHesX2x8NCDl6tXYrenv9m7e1RLbkO5E5Kh04kseMtz6lw=="],

    "@biomejs/cli-darwin-x64": ["@biomejs/cli-darwin-x64@2.3.3", "", { "os": "darwin", "cpu": "x64" }, "sha512-UPmKRalkHicvIpeccuKqq+/gA2HYV8FUnAEDJnqYBlGlycKqe6xrovWqvWTE4TTNpIFf4UQyuaDzLkN6Kz6tbA=="],

    "@biomejs/cli-linux-arm64": ["@biomejs/cli-linux-arm64@2.3.3", "", { "os": "linux", "cpu": "arm64" }, "sha512-zeiKwALNB/hax7+LLhCYqhqzlWdTfgE9BGkX2Z8S4VmCYnGFrf2fON/ec6KCos7mra5MDm6fYICsEWN2+HKZhw=="],

    "@biomejs/cli-linux-arm64-musl": ["@biomejs/cli-linux-arm64-musl@2.3.3", "", { "os": "linux", "cpu": "arm64" }, "sha512-KhCDMV+V7Yu72v40ssGJTHuv/j0n7JQ6l0s/c+EMcX5zPYLMLr4XpmI+WXhp4Vfkz0T5Xnh5wbrTBI3f2UTpjQ=="],

    "@biomejs/cli-linux-x64": ["@biomejs/cli-linux-x64@2.3.3", "", { "os": "linux", "cpu": "x64" }, "sha512-05CjPLbvVVU8J6eaO6iSEoA0FXKy2l6ddL+1h/VpiosCmIp3HxRKLOa1hhC1n+D13Z8g9b1DtnglGtM5U3sTag=="],

    "@biomejs/cli-linux-x64-musl": ["@biomejs/cli-linux-x64-musl@2.3.3", "", { "os": "linux", "cpu": "x64" }, "sha512-IyqQ+jYzU5MVy9CK5NV0U+NnUMPUAhYMrB/x4QgL/Dl1MqzBVc61bHeyhLnKM6DSEk73/TQYrk/8/QmVHudLdQ=="],

    "@biomejs/cli-win32-arm64": ["@biomejs/cli-win32-arm64@2.3.3", "", { "os": "win32", "cpu": "arm64" }, "sha512-NtlLs3pdFqFAQYZjlEHKOwJEn3GEaz7rtR2oCrzaLT2Xt3Cfd55/VvodQ5V+X+KepLa956QJagckJrNL+DmumQ=="],

    "@biomejs/cli-win32-x64": ["@biomejs/cli-win32-x64@2.3.3", "", { "os": "win32", "cpu": "x64" }, "sha512-klJKPPQvUk9Rlp0Dd56gQw/+Wt6uUprHdHWtbDC93f3Iv+knA2tLWpcYoOZJgPV+9s+RBmYv0DGy4mUlr20esg=="],

    "@emnapi/core": ["@emnapi/core@1.6.0", "", { "dependencies": { "@emnapi/wasi-threads": "1.1.0", "tslib": "^2.4.0" } }, "sha512-zq/ay+9fNIJJtJiZxdTnXS20PllcYMX3OE23ESc4HK/bdYu3cOWYVhsOhVnXALfU/uqJIxn5NBPd9z4v+SfoSg=="],

    "@emnapi/runtime": ["@emnapi/runtime@1.6.0", "", { "dependencies": { "tslib": "^2.4.0" } }, "sha512-obtUmAHTMjll499P+D9A3axeJFlhdjOWdKUNs/U6QIGT7V5RjcUW1xToAzjvmgTSQhDbYn/NwfTRoJcQ2rNBxA=="],

    "@emnapi/wasi-threads": ["@emnapi/wasi-threads@1.1.0", "", { "dependencies": { "tslib": "^2.4.0" } }, "sha512-WI0DdZ8xFSbgMjR1sFsKABJ/C5OnRrjT06JXbZKexJGrDuPTzZdDYfFlsgcCXCyf+suG5QU2e/y1Wo2V/OapLQ=="],

    "@jridgewell/sourcemap-codec": ["@jridgewell/sourcemap-codec@1.5.5", "", {}, "sha512-cYQ9310grqxueWbl+WuIUIaiUaDcj7WOq5fVhEljNVgRfOUhY9fy2zTvfoqWsnebh8Sl70VScFbICvJnLKB0Og=="],

    "@napi-rs/wasm-runtime": ["@napi-rs/wasm-runtime@1.0.7", "", { "dependencies": { "@emnapi/core": "^1.5.0", "@emnapi/runtime": "^1.5.0", "@tybys/wasm-util": "^0.10.1" } }, "sha512-SeDnOO0Tk7Okiq6DbXmmBODgOAb9dp9gjlphokTUxmt8U3liIP1ZsozBahH69j/RJv+Rfs6IwUKHTgQYJ/HBAw=="],

    "@oxc-parser/binding-android-arm64": ["@oxc-parser/binding-android-arm64@0.96.0", "", { "os": "android", "cpu": "arm64" }, "sha512-CofbPOiW1PG+hi8bgElJPK0ioHfw8nt4Vw9d+Q9JuMhygS6LbQyu1W6tIFZ1OPFofeFRdWus3vD29FBx+tvFOA=="],

    "@oxc-parser/binding-darwin-arm64": ["@oxc-parser/binding-darwin-arm64@0.96.0", "", { "os": "darwin", "cpu": "arm64" }, "sha512-+HZ2L1a/1BsUXYik8XqQwT2Tl5Z3jRQ/RRQiPV9UsB2skKyd91NLDlQlMpdhjLGs9Qe7Y42unFjRg2iHjIiwnw=="],

    "@oxc-parser/binding-darwin-x64": ["@oxc-parser/binding-darwin-x64@0.96.0", "", { "os": "darwin", "cpu": "x64" }, "sha512-GC8wH1W0XaCLyTeGsmyaMdnItiYQkqfTcn9Ygc55AWI+m11lCjQeoKDIsDCm/QwrKLCN07u3WWWsuPs5ubfXpA=="],

    "@oxc-parser/binding-freebsd-x64": ["@oxc-parser/binding-freebsd-x64@0.96.0", "", { "os": "freebsd", "cpu": "x64" }, "sha512-8SeXi2FmlN15uPY5oM03cua5RXBDYmY34Uewongv6RUiAaU/kWxLvzuijpyNC+yQ1r4fC2LbWJhAsKpX5qkA6g=="],

    "@oxc-parser/binding-linux-arm-gnueabihf": ["@oxc-parser/binding-linux-arm-gnueabihf@0.96.0", "", { "os": "linux", "cpu": "arm" }, "sha512-UEs+Zf6T2/FwQlLgv7gfZsKmY19sl3hK57r2BQVc2eCmCmF/deeqDcWyFjzkNLgdDDucY60PoNhNGClDm605uQ=="],

    "@oxc-parser/binding-linux-arm-musleabihf": ["@oxc-parser/binding-linux-arm-musleabihf@0.96.0", "", { "os": "linux", "cpu": "arm" }, "sha512-1kuWvjR2+ORJMoyxt9LSbLcDhXZnL25XOuv9VmH6NmSPvLgewzuubSlm++W03x+U7SzWFilBsdwIHtD/0mjERw=="],

    "@oxc-parser/binding-linux-arm64-gnu": ["@oxc-parser/binding-linux-arm64-gnu@0.96.0", "", { "os": "linux", "cpu": "arm64" }, "sha512-PHH4ETR1t0fymxuhpQNj3Z9t/78/zZa2Lj3Z3I0ZOd+/Ex+gtdhGoB5xYyy7lcYGAPMfZ+Gmr+dTCr1GYNZ3BA=="],

    "@oxc-parser/binding-linux-arm64-musl": ["@oxc-parser/binding-linux-arm64-musl@0.96.0", "", { "os": "linux", "cpu": "arm64" }, "sha512-fjDPbZjkqaDSTBe0FM8nZ9zBw4B/NF/I0gH7CfvNDwIj9smISaNFypYeomkvubORpnbX9ORhvhYwg3TxQ60OGA=="],

    "@oxc-parser/binding-linux-riscv64-gnu": ["@oxc-parser/binding-linux-riscv64-gnu@0.96.0", "", { "os": "linux", "cpu": "none" }, "sha512-59KAHd/6/LmjkdSAuJn0piKmwSavMasWNUKuYLX/UnqI5KkGIp14+LBwwaBG6KzOtIq1NrRCnmlL4XSEaNkzTg=="],

    "@oxc-parser/binding-linux-s390x-gnu": ["@oxc-parser/binding-linux-s390x-gnu@0.96.0", "", { "os": "linux", "cpu": "s390x" }, "sha512-VtupojtgahY8XmLwpVpM3C1WQEgMD1JxpB8lzUtdSLwosWaaz1EAl+VXWNuxTTZusNuLBtmR+F0qql22ISi/9g=="],

    "@oxc-parser/binding-linux-x64-gnu": ["@oxc-parser/binding-linux-x64-gnu@0.96.0", "", { "os": "linux", "cpu": "x64" }, "sha512-8XSY9aUYY+5I4I1mhSEWmYqdUrJi3J5cCAInvEVHyTnDAPkhb+tnLGVZD696TpW+lFOLrTFF2V5GMWJVafqIUA=="],

    "@oxc-parser/binding-linux-x64-musl": ["@oxc-parser/binding-linux-x64-musl@0.96.0", "", { "os": "linux", "cpu": "x64" }, "sha512-IIVNtqhA0uxKkD8Y6aZinKO/sOD5O62VlduE54FnUU2rzZEszrZQLL8nMGVZhTdPaKW5M1aeLmjcdnOs6er1Jg=="],

    "@oxc-parser/binding-wasm32-wasi": ["@oxc-parser/binding-wasm32-wasi@0.96.0", "", { "dependencies": { "@napi-rs/wasm-runtime": "^1.0.7" }, "cpu": "none" }, "sha512-TJ/sNPbVD4u6kUwm7sDKa5iRDEB8vd7ZIMjYqFrrAo9US1RGYOSvt6Ie9sDRekUL9fZhNsykvSrpmIj6dg/C2w=="],

    "@oxc-parser/binding-win32-arm64-msvc": ["@oxc-parser/binding-win32-arm64-msvc@0.96.0", "", { "os": "win32", "cpu": "arm64" }, "sha512-zCOhRB7MYVIHLj+2QYoTuLyaipiD8JG/ggUjfsMUaupRPpvwQNhsxINLIcTcb0AS+OsT7/OREhydjO74STqQzQ=="],

    "@oxc-parser/binding-win32-x64-msvc": ["@oxc-parser/binding-win32-x64-msvc@0.96.0", "", { "os": "win32", "cpu": "x64" }, "sha512-J6zfx9TE0oS+TrqBUjMVMOi/d/j3HMj69Pip263pETOEPm788N0HXKPsc2X2jUfSTHzD9vmdjq0QFymbf2LhWg=="],

    "@oxc-project/types": ["@oxc-project/types@0.96.0", "", {}, "sha512-r/xkmoXA0xEpU6UGtn18CNVjXH6erU3KCpCDbpLmbVxBFor1U9MqN5Z2uMmCHJuXjJzlnDR+hWY+yPoLo8oHDw=="],

    "@oxc-transform/binding-android-arm64": ["@oxc-transform/binding-android-arm64@0.96.0", "", { "os": "android", "cpu": "arm64" }, "sha512-wOm+ZsqFvyZ7B9RefUMsj0zcXw77Z2pXA51nbSQyPXqr+g0/pDGxriZWP8Sdpz/e4AEaKPA9DvrwyOZxu7GRDQ=="],

    "@oxc-transform/binding-darwin-arm64": ["@oxc-transform/binding-darwin-arm64@0.96.0", "", { "os": "darwin", "cpu": "arm64" }, "sha512-td1sbcvzsyuoNRiNdIRodPXRtFFwxzPpC/6/yIUtRRhKn30XQcizxupIvQQVpJWWchxkphbBDh6UN+u+2CJ8Zw=="],

    "@oxc-transform/binding-darwin-x64": ["@oxc-transform/binding-darwin-x64@0.96.0", "", { "os": "darwin", "cpu": "x64" }, "sha512-xgqxnqhPYH2NYkgbqtnCJfhbXvxIf/pnhF/ig5UBK8PYpCEWIP/cfLpQRQ9DcQnRfuxi7RMIF6LdmB1AiS6Fkg=="],

    "@oxc-transform/binding-freebsd-x64": ["@oxc-transform/binding-freebsd-x64@0.96.0", "", { "os": "freebsd", "cpu": "x64" }, "sha512-1i67OXdl/rvSkcTXqDlh6qGRXYseEmf0rl/R+/i88scZ/o3A+FzlX56sThuaPzSSv9eVgesnoYUjIBJELFc1oA=="],

    "@oxc-transform/binding-linux-arm-gnueabihf": ["@oxc-transform/binding-linux-arm-gnueabihf@0.96.0", "", { "os": "linux", "cpu": "arm" }, "sha512-9MJBs0SWODsqyzO3eAnacXgJ/sZu1xqinjEwBzkcZ3tQI8nKhMADOzu2NzbVWDWujeoC8DESXaO08tujvUru+Q=="],

    "@oxc-transform/binding-linux-arm-musleabihf": ["@oxc-transform/binding-linux-arm-musleabihf@0.96.0", "", { "os": "linux", "cpu": "arm" }, "sha512-BQom57I2ScccixljNYh2Wy+5oVZtF1LXiiUPxSLtDHbsanpEvV/+kzCagQpTjk1BVzSQzOxfEUWjvL7mY53pRQ=="],

    "@oxc-transform/binding-linux-arm64-gnu": ["@oxc-transform/binding-linux-arm64-gnu@0.96.0", "", { "os": "linux", "cpu": "arm64" }, "sha512-kaqvUzNu8LL4aBSXqcqGVLFG13GmJEplRI2+yqzkgAItxoP/LfFMdEIErlTWLGyBwd0OLiNMHrOvkcCQRWadVg=="],

    "@oxc-transform/binding-linux-arm64-musl": ["@oxc-transform/binding-linux-arm64-musl@0.96.0", "", { "os": "linux", "cpu": "arm64" }, "sha512-EiG/L3wEkPgTm4p906ufptyblBgtiQWTubGg/JEw82f8uLRroayr5zhbUqx40EgH037a3SfJthIyLZi7XPRFJw=="],

    "@oxc-transform/binding-linux-riscv64-gnu": ["@oxc-transform/binding-linux-riscv64-gnu@0.96.0", "", { "os": "linux", "cpu": "none" }, "sha512-r01CY6OxKGtVeYnvH4mGmtkQMlLkXdPWWNXwo5o7fE2s/fgZPMpqh8bAuXEhuMXipZRJrjxTk1+ZQ4KCHpMn3Q=="],

    "@oxc-transform/binding-linux-s390x-gnu": ["@oxc-transform/binding-linux-s390x-gnu@0.96.0", "", { "os": "linux", "cpu": "s390x" }, "sha512-4djg2vYLGbVeS8YiA2K4RPPpZE4fxTGCX5g/bOMbCYyirDbmBAIop4eOAj8vOA9i1CcWbDtmp+PVJ1dSw7f3IQ=="],

    "@oxc-transform/binding-linux-x64-gnu": ["@oxc-transform/binding-linux-x64-gnu@0.96.0", "", { "os": "linux", "cpu": "x64" }, "sha512-f6pcWVz57Y8jXa2OS7cz3aRNuks34Q3j61+3nQ4xTE8H1KbalcEvHNmM92OEddaJ8QLs9YcE0kUC6eDTbY34+A=="],

    "@oxc-transform/binding-linux-x64-musl": ["@oxc-transform/binding-linux-x64-musl@0.96.0", "", { "os": "linux", "cpu": "x64" }, "sha512-NSiRtFvR7Pbhv3mWyPMkTK38czIjcnK0+K5STo3CuzZRVbX1TM17zGdHzKBUHZu7v6IQ6/XsQ3ELa1BlEHPGWQ=="],

    "@oxc-transform/binding-wasm32-wasi": ["@oxc-transform/binding-wasm32-wasi@0.96.0", "", { "dependencies": { "@napi-rs/wasm-runtime": "^1.0.7" }, "cpu": "none" }, "sha512-A91ARLiuZHGN4hBds9s7bW3czUuLuHLsV+cz44iF9j8e1zX9m2hNGXf/acQRbg/zcFUXmjz5nmk8EkZyob876w=="],

    "@oxc-transform/binding-win32-arm64-msvc": ["@oxc-transform/binding-win32-arm64-msvc@0.96.0", "", { "os": "win32", "cpu": "arm64" }, "sha512-IedJf40djKgDObomhYjdRAlmSYUEdfqX3A3M9KfUltl9AghTBBLkTzUMA7O09oo71vYf5TEhbFM7+Vn5vqw7AQ=="],

    "@oxc-transform/binding-win32-x64-msvc": ["@oxc-transform/binding-win32-x64-msvc@0.96.0", "", { "os": "win32", "cpu": "x64" }, "sha512-0fI0P0W7bSO/GCP/N5dkmtB9vBqCA4ggo1WmXTnxNJVmFFOtcA1vYm1I9jl8fxo+sucW2WnlpnI4fjKdo3JKxA=="],

    "@tybys/wasm-util": ["@tybys/wasm-util@0.10.1", "", { "dependencies": { "tslib": "^2.4.0" } }, "sha512-9tTaPJLSiejZKx+Bmog4uSubteqTvFrVrURwkmHixBo0G4seD0zUxp98E1DzUBJxLQ3NPwXrGKDiVjwx/DpPsg=="],

    "@types/bun": ["@types/bun@1.3.1", "", { "dependencies": { "bun-types": "1.3.1" } }, "sha512-4jNMk2/K9YJtfqwoAa28c8wK+T7nvJFOjxI4h/7sORWcypRNxBpr+TPNaCfVWq70tLCJsqoFwcf0oI0JU/fvMQ=="],

    "@types/node": ["@types/node@24.9.2", "", { "dependencies": { "undici-types": "~7.16.0" } }, "sha512-uWN8YqxXxqFMX2RqGOrumsKeti4LlmIMIyV0lgut4jx7KQBcBiW6vkDtIBvHnHIquwNfJhk8v2OtmO8zXWHfPA=="],

    "@types/react": ["@types/react@19.2.2", "", { "dependencies": { "csstype": "^3.0.2" } }, "sha512-6mDvHUFSjyT2B2yeNx2nUgMxh9LtOWvkhIU3uePn2I2oyNymUAX1NIsdgviM4CH+JSrp2D2hsMvJOkxY+0wNRA=="],

    "bun-types": ["bun-types@1.3.1", "", { "dependencies": { "@types/node": "*" }, "peerDependencies": { "@types/react": "^19" } }, "sha512-NMrcy7smratanWJ2mMXdpatalovtxVggkj11bScuWuiOoXTiKIu2eVS1/7qbyI/4yHedtsn175n4Sm4JcdHLXw=="],

    "csstype": ["csstype@3.1.3", "", {}, "sha512-M1uQkMl8rQK/szD0LNhtqxIPLpimGm8sOBwU7lLnCpSbTyY3yeU1Vc7l4KT5zT4s/yOxHH5O7tIuuLOCnLADRw=="],

    "esrap": ["esrap@2.1.2", "", { "dependencies": { "@jridgewell/sourcemap-codec": "^1.4.15" } }, "sha512-DgvlIQeowRNyvLPWW4PT7Gu13WznY288Du086E751mwwbsgr29ytBiYeLzAGIo0qk3Ujob0SDk8TiSaM5WQzNg=="],

    "oxc-parser": ["oxc-parser@0.96.0", "", { "dependencies": { "@oxc-project/types": "^0.96.0" }, "optionalDependencies": { "@oxc-parser/binding-android-arm64": "0.96.0", "@oxc-parser/binding-darwin-arm64": "0.96.0", "@oxc-parser/binding-darwin-x64": "0.96.0", "@oxc-parser/binding-freebsd-x64": "0.96.0", "@oxc-parser/binding-linux-arm-gnueabihf": "0.96.0", "@oxc-parser/binding-linux-arm-musleabihf": "0.96.0", "@oxc-parser/binding-linux-arm64-gnu": "0.96.0", "@oxc-parser/binding-linux-arm64-musl": "0.96.0", "@oxc-parser/binding-linux-riscv64-gnu": "0.96.0", "@oxc-parser/binding-linux-s390x-gnu": "0.96.0", "@oxc-parser/binding-linux-x64-gnu": "0.96.0", "@oxc-parser/binding-linux-x64-musl": "0.96.0", "@oxc-parser/binding-wasm32-wasi": "0.96.0", "@oxc-parser/binding-win32-arm64-msvc": "0.96.0", "@oxc-parser/binding-win32-x64-msvc": "0.96.0" } }, "sha512-ucs6niJ5mZlYP3oTl4AK2eD2m7WLoSaljswnSFVYWrXzme5PtM97S7Ve1Tjx+/TKjanmEZuSt1f1qYi6SZvntw=="],

    "oxc-transform": ["oxc-transform@0.96.0", "", { "optionalDependencies": { "@oxc-transform/binding-android-arm64": "0.96.0", "@oxc-transform/binding-darwin-arm64": "0.96.0", "@oxc-transform/binding-darwin-x64": "0.96.0", "@oxc-transform/binding-freebsd-x64": "0.96.0", "@oxc-transform/binding-linux-arm-gnueabihf": "0.96.0", "@oxc-transform/binding-linux-arm-musleabihf": "0.96.0", "@oxc-transform/binding-linux-arm64-gnu": "0.96.0", "@oxc-transform/binding-linux-arm64-musl": "0.96.0", "@oxc-transform/binding-linux-riscv64-gnu": "0.96.0", "@oxc-transform/binding-linux-s390x-gnu": "0.96.0", "@oxc-transform/binding-linux-x64-gnu": "0.96.0", "@oxc-transform/binding-linux-x64-musl": "0.96.0", "@oxc-transform/binding-wasm32-wasi": "0.96.0", "@oxc-transform/binding-win32-arm64-msvc": "0.96.0", "@oxc-transform/binding-win32-x64-msvc": "0.96.0" } }, "sha512-dQPNIF+gHpSkmC0+Vg9IktNyhcn28Y8R3eTLyzn52UNymkasLicl3sFAtz7oEVuFmCpgGjaUTKkwk+jW2cHpDQ=="],

    "tslib": ["tslib@2.8.1", "", {}, "sha512-oJFu94HQb+KVduSUQL7wnpmqnfmLsOA/nAh6b6EH0wCEoK0/mPeXU6c3wKDV83MkOuHPRHtSXKKU99IBazS/2w=="],

    "typescript": ["typescript@5.9.3", "", { "bin": { "tsc": "bin/tsc", "tsserver": "bin/tsserver" } }, "sha512-jl1vZzPDinLr9eUt3J/t7V6FgNEw9QjvBPdysz9KfQDD41fQrC2Y4vKQdiaUpFT4bXlb1RHhLpp8wtm6M5TgSw=="],

    "undici-types": ["undici-types@7.16.0", "", {}, "sha512-Zz+aZWSj8LE6zoxD+xrjh4VfkIG8Ya6LvYkZqtUQGJPZjYl53ypCaUwWqo7eI0x66KBGeRo+mlBEkMSeSZ38Nw=="],
  }
}
